
Microsoft Visual Studio Solution File, Format Version 12.00
# Visual Studio Version 17
VisualStudioVersion = 17.9.34622.214
MinimumVisualStudioVersion = 10.0.40219.1
Project("{9A19103F-16F7-4668-BE54-9A1E7A4F7556}") = "newdev", "newdev.csproj", "{95827DF7-C943-45B7-8A41-BF6F93AAA8AA}"
EndProject
Project("{9A19103F-16F7-4668-BE54-9A1E7A4F7556}") = "blog", "..\blog\blog.csproj", "{77A09483-829E-41C2-88A7-48729BC028B1}"
EndProject
Project("{FAE04EC0-301F-11D3-BF4B-00C04F79EFBC}") = "consoleproject", "..\consoleproject\consoleproject.csproj", "{D23FE500-1145-4679-99C0-F48B61793C3F}"
EndProject
Global
	GlobalSection(SolutionConfigurationPlatforms) = preSolution
		Debug|Any CPU = Debug|Any CPU
		Release|Any CPU = Release|Any CPU
	EndGlobalSection
	GlobalSection(ProjectConfigurationPlatforms) = postSolution
		{95827DF7-C943-45B7-8A41-BF6F93AAA8AA}.Debug|Any CPU.ActiveCfg = Debug|Any CPU
		{95827DF7-C943-45B7-8A41-BF6F93AAA8AA}.Debug|Any CPU.Build.0 = Debug|Any CPU
		{95827DF7-C943-45B7-8A41-BF6F93AAA8AA}.Release|Any CPU.ActiveCfg = Release|Any CPU
		{95827DF7-C943-45B7-8A41-BF6F93AAA8AA}.Release|Any CPU.Build.0 = Release|Any CPU
		{77A09483-829E-41C2-88A7-48729BC028B1}.Debug|Any CPU.ActiveCfg = Debug|Any CPU
		{77A09483-829E-41C2-88A7-48729BC028B1}.Debug|Any CPU.Build.0 = Debug|Any CPU
		{77A09483-829E-41C2-88A7-48729BC028B1}.Release|Any CPU.ActiveCfg = Release|Any CPU
		{77A09483-829E-41C2-88A7-48729BC028B1}.Release|Any CPU.Build.0 = Release|Any CPU
		{D23FE500-1145-4679-99C0-F48B61793C3F}.Debug|Any CPU.ActiveCfg = Debug|Any CPU
		{D23FE500-1145-4679-99C0-F48B61793C3F}.Debug|Any CPU.Build.0 = Debug|Any CPU
		{D23FE500-1145-4679-99C0-F48B61793C3F}.Release|Any CPU.ActiveCfg = Release|Any CPU
		{D23FE500-1145-4679-99C0-F48B61793C3F}.Release|Any CPU.Build.0 = Release|Any CPU
	EndGlobalSection
	GlobalSection(SolutionProperties) = preSolution
		HideSolutionNode = FALSE
	EndGlobalSection
	GlobalSection(ExtensibilityGlobals) = postSolution
		SolutionGuid = {2958D906-B832-4194-B469-4C6D7E254CCE}
	EndGlobalSection
EndGlobal
